
Microsoft Visual Studio Solution File, Format Version 12.00
Project("{FAE04EC0-301F-11D3-BF4B-00C04F79EFBC}") = "project repos", "project repos\project repos.csproj", "{F913CCC4-478D-4675-8F80-782C6D3C5915}"
EndProject
Global
	GlobalSection(SolutionConfigurationPlatforms) = preSolution
		Debug|Any CPU = Debug|Any CPU
		Release|Any CPU = Release|Any CPU
	EndGlobalSection
	GlobalSection(ProjectConfigurationPlatforms) = postSolution
		{F913CCC4-478D-4675-8F80-782C6D3C5915}.Debug|Any CPU.ActiveCfg = Debug|Any CPU
		{F913CCC4-478D-4675-8F80-782C6D3C5915}.Debug|Any CPU.Build.0 = Debug|Any CPU
		{F913CCC4-478D-4675-8F80-782C6D3C5915}.Release|Any CPU.ActiveCfg = Release|Any CPU
		{F913CCC4-478D-4675-8F80-782C6D3C5915}.Release|Any CPU.Build.0 = Release|Any CPU
	EndGlobalSection
EndGlobal
